
Microsoft Visual Studio Solution File, Format Version 12.00
# Visual Studio Version 17
VisualStudioVersion = 17.14.36518.9
MinimumVisualStudioVersion = 10.0.40219.1
Project("{FAE04EC0-301F-11D3-BF4B-00C04F79EFBC}") = "DitherStatistics", "DitherStatistics.csproj", "{B836F86A-964B-473F-9E28-A0A73CBD22AE}"
EndProject
Project("{FAE04EC0-301F-11D3-BF4B-00C04F79EFBC}") = "DitherStatistics.Tests", "DitherStatistics.Tests\DitherStatistics.Tests.csproj", "{44DE0F3A-7EAF-4CF0-BA10-1D910DB39DC3}"
EndProject
Global
	GlobalSection(SolutionConfigurationPlatforms) = preSolution
		Debug|Any CPU = Debug|Any CPU
		Debug|x64 = Debug|x64
		Debug|x86 = Debug|x86
		Release|Any CPU = Release|Any CPU
		Release|x64 = Release|x64
		Release|x86 = Release|x86
	EndGlobalSection
	GlobalSection(ProjectConfigurationPlatforms) = postSolution
		{B836F86A-964B-473F-9E28-A0A73CBD22AE}.Debug|Any CPU.ActiveCfg = Debug|Any CPU
		{B836F86A-964B-473F-9E28-A0A73CBD22AE}.Debug|Any CPU.Build.0 = Debug|Any CPU
		{B836F86A-964B-473F-9E28-A0A73CBD22AE}.Debug|x64.ActiveCfg = Debug|Any CPU
		{B836F86A-964B-473F-9E28-A0A73CBD22AE}.Debug|x64.Build.0 = Debug|Any CPU
		{B836F86A-964B-473F-9E28-A0A73CBD22AE}.Debug|x86.ActiveCfg = Debug|Any CPU
		{B836F86A-964B-473F-9E28-A0A73CBD22AE}.Debug|x86.Build.0 = Debug|Any CPU
		{B836F86A-964B-473F-9E28-A0A73CBD22AE}.Release|Any CPU.ActiveCfg = Release|Any CPU
		{B836F86A-964B-473F-9E28-A0A73CBD22AE}.Release|Any CPU.Build.0 = Release|Any CPU
		{B836F86A-964B-473F-9E28-A0A73CBD22AE}.Release|x64.ActiveCfg = Release|Any CPU
		{B836F86A-964B-473F-9E28-A0A73CBD22AE}.Release|x64.Build.0 = Release|Any CPU
		{B836F86A-964B-473F-9E28-A0A73CBD22AE}.Release|x86.ActiveCfg = Release|Any CPU
		{B836F86A-964B-473F-9E28-A0A73CBD22AE}.Release|x86.Build.0 = Release|Any CPU
		{44DE0F3A-7EAF-4CF0-BA10-1D910DB39DC3}.Debug|Any CPU.ActiveCfg = Debug|Any CPU
		{44DE0F3A-7EAF-4CF0-BA10-1D910DB39DC3}.Debug|Any CPU.Build.0 = Debug|Any CPU
		{44DE0F3A-7EAF-4CF0-BA10-1D910DB39DC3}.Debug|x64.ActiveCfg = Debug|Any CPU
		{44DE0F3A-7EAF-4CF0-BA10-1D910DB39DC3}.Debug|x64.Build.0 = Debug|Any CPU
		{44DE0F3A-7EAF-4CF0-BA10-1D910DB39DC3}.Debug|x86.ActiveCfg = Debug|Any CPU
		{44DE0F3A-7EAF-4CF0-BA10-1D910DB39DC3}.Debug|x86.Build.0 = Debug|Any CPU
		{44DE0F3A-7EAF-4CF0-BA10-1D910DB39DC3}.Release|Any CPU.ActiveCfg = Release|Any CPU
		{44DE0F3A-7EAF-4CF0-BA10-1D910DB39DC3}.Release|Any CPU.Build.0 = Release|Any CPU
		{44DE0F3A-7EAF-4CF0-BA10-1D910DB39DC3}.Release|x64.ActiveCfg = Release|Any CPU
		{44DE0F3A-7EAF-4CF0-BA10-1D910DB39DC3}.Release|x64.Build.0 = Release|Any CPU
		{44DE0F3A-7EAF-4CF0-BA10-1D910DB39DC3}.Release|x86.ActiveCfg = Release|Any CPU
		{44DE0F3A-7EAF-4CF0-BA10-1D910DB39DC3}.Release|x86.Build.0 = Release|Any CPU
	EndGlobalSection
	GlobalSection(SolutionProperties) = preSolution
		HideSolutionNode = FALSE
	EndGlobalSection
	GlobalSection(ExtensibilityGlobals) = postSolution
		SolutionGuid = {99D01FEA-A01C-4D35-8A1D-DFCAFD24A462}
	EndGlobalSection
EndGlobal
